
Microsoft Visual Studio Solution File, Format Version 12.00
# Visual Studio Version 16
VisualStudioVersion = 16.0.31729.503
MinimumVisualStudioVersion = 10.0.40219.1
Project("{FAE04EC0-301F-11D3-BF4B-00C04F79EFBC}") = "ClothesBYW", "ClothesBYW\ClothesBYW.csproj", "{5947FDA9-E1D0-47FC-9AA7-D92F12E5A365}"
EndProject
Project("{FAE04EC0-301F-11D3-BF4B-00C04F79EFBC}") = "Common", "Common\Common.csproj", "{C66344DA-678D-47FF-BDB0-AC6660078846}"
EndProject
Project("{FAE04EC0-301F-11D3-BF4B-00C04F79EFBC}") = "Models", "Models\Models.csproj", "{6091C69C-5828-4D4E-9BE9-18418F79FCDB}"
EndProject
Global
	GlobalSection(SolutionConfigurationPlatforms) = preSolution
		Debug|Any CPU = Debug|Any CPU
		Release|Any CPU = Release|Any CPU
	EndGlobalSection
	GlobalSection(ProjectConfigurationPlatforms) = postSolution
		{5947FDA9-E1D0-47FC-9AA7-D92F12E5A365}.Debug|Any CPU.ActiveCfg = Debug|Any CPU
		{5947FDA9-E1D0-47FC-9AA7-D92F12E5A365}.Debug|Any CPU.Build.0 = Debug|Any CPU
		{5947FDA9-E1D0-47FC-9AA7-D92F12E5A365}.Release|Any CPU.ActiveCfg = Release|Any CPU
		{5947FDA9-E1D0-47FC-9AA7-D92F12E5A365}.Release|Any CPU.Build.0 = Release|Any CPU
		{C66344DA-678D-47FF-BDB0-AC6660078846}.Debug|Any CPU.ActiveCfg = Debug|Any CPU
		{C66344DA-678D-47FF-BDB0-AC6660078846}.Debug|Any CPU.Build.0 = Debug|Any CPU
		{C66344DA-678D-47FF-BDB0-AC6660078846}.Release|Any CPU.ActiveCfg = Release|Any CPU
		{C66344DA-678D-47FF-BDB0-AC6660078846}.Release|Any CPU.Build.0 = Release|Any CPU
		{6091C69C-5828-4D4E-9BE9-18418F79FCDB}.Debug|Any CPU.ActiveCfg = Debug|Any CPU
		{6091C69C-5828-4D4E-9BE9-18418F79FCDB}.Debug|Any CPU.Build.0 = Debug|Any CPU
		{6091C69C-5828-4D4E-9BE9-18418F79FCDB}.Release|Any CPU.ActiveCfg = Release|Any CPU
		{6091C69C-5828-4D4E-9BE9-18418F79FCDB}.Release|Any CPU.Build.0 = Release|Any CPU
	EndGlobalSection
	GlobalSection(SolutionProperties) = preSolution
		HideSolutionNode = FALSE
	EndGlobalSection
	GlobalSection(ExtensibilityGlobals) = postSolution
		SolutionGuid = {6EFE342C-1DD7-4F63-A14E-572FF0DE2065}
	EndGlobalSection
EndGlobal
